
Microsoft Visual Studio Solution File, Format Version 12.00
# Visual Studio Version 17
VisualStudioVersion = 17.6.33815.320
MinimumVisualStudioVersion = 10.0.40219.1
Project("{2150E333-8FDC-42A3-9474-1A3956D46DE8}") = "N36", "N36", "{4CFFD4FC-82D4-4ABB-B98A-3094511159B5}"
EndProject
Project("{2150E333-8FDC-42A3-9474-1A3956D46DE8}") = "Task", "Task", "{79B70270-7BC8-4571-81F9-6592F5E3E46F}"
EndProject
Project("{9A19103F-16F7-4668-BE54-9A1E7A4F7556}") = "N36-Task1", "N36-Task1\N36-Task1.csproj", "{C2025824-7705-4DD4-9EDB-F38A7CD8132E}"
EndProject
Project("{2150E333-8FDC-42A3-9474-1A3956D46DE8}") = "N37", "N37", "{C18C10F3-1096-4160-8B54-BF85E5BC4E03}"
EndProject
Project("{2150E333-8FDC-42A3-9474-1A3956D46DE8}") = "Task", "Task", "{AC6DB651-EA66-497A-A2CB-4A3EAC4FE2A4}"
EndProject
Project("{9A19103F-16F7-4668-BE54-9A1E7A4F7556}") = "N37-Task", "N37-Task\N37-Task.csproj", "{11D1BDBB-28E2-4A46-8846-62824D6C6570}"
EndProject
Project("{2150E333-8FDC-42A3-9474-1A3956D46DE8}") = "HomeTask", "HomeTask", "{5AEC70C4-AB26-4D64-8AC8-BA696C025F46}"
EndProject
Project("{9A19103F-16F7-4668-BE54-9A1E7A4F7556}") = "N36-HT-1", "N36-HT-1\N36-HT-1.csproj", "{07B91D4A-8C5A-4369-8F55-ACB069FA0A7A}"
EndProject
Project("{2150E333-8FDC-42A3-9474-1A3956D46DE8}") = "N38", "N38", "{E7718998-3481-4F55-BEAC-E9EBB65A7A08}"
EndProject
Project("{2150E333-8FDC-42A3-9474-1A3956D46DE8}") = "Task", "Task", "{439B1D06-B33A-4757-9702-FF30F3FE0D98}"
EndProject
Project("{9A19103F-16F7-4668-BE54-9A1E7A4F7556}") = "N38-Task1", "N38-Task1\N38-Task1.csproj", "{52B6EDFD-A74F-4C6E-94EC-8C7519C43143}"
EndProject
Project("{2150E333-8FDC-42A3-9474-1A3956D46DE8}") = "HomeTask", "HomeTask", "{A4B2315D-30D9-45F0-9130-9E1F00B46B50}"
EndProject
Project("{9A19103F-16F7-4668-BE54-9A1E7A4F7556}") = "N37-HT-1", "N37-HT-1\N37-HT-1.csproj", "{8AF948F5-C785-4081-91D6-E4CCF38BF3A5}"
EndProject
Project("{2150E333-8FDC-42A3-9474-1A3956D46DE8}") = "HomeTask", "HomeTask", "{98A95145-12DC-424D-B411-336A5BB90E19}"
EndProject
Project("{9A19103F-16F7-4668-BE54-9A1E7A4F7556}") = "N38-HT-1", "N38-HT-1\N38-HT-1.csproj", "{5600FCBE-D097-4A18-BF17-F066C79ECCD4}"
EndProject
Project("{2150E333-8FDC-42A3-9474-1A3956D46DE8}") = "N39", "N39", "{B3439867-1C41-43EE-BF0B-FE12919F79C2}"
EndProject
Project("{2150E333-8FDC-42A3-9474-1A3956D46DE8}") = "Task", "Task", "{1DD7381C-8C62-472D-9355-8F8718C11E6D}"
EndProject
Project("{9A19103F-16F7-4668-BE54-9A1E7A4F7556}") = "N39-Task1", "N39-Task1\N39-Task1.csproj", "{D644A479-8787-4D3F-BD93-4515F09368FC}"
EndProject
Project("{2150E333-8FDC-42A3-9474-1A3956D46DE8}") = "N40", "N40", "{3AD0A3EB-6283-498E-A18D-823B541A18CB}"
EndProject
Project("{2150E333-8FDC-42A3-9474-1A3956D46DE8}") = "Task", "Task", "{8920089E-237D-41F9-A4E7-CAAA8CC14CA2}"
EndProject
Project("{9A19103F-16F7-4668-BE54-9A1E7A4F7556}") = "N40-Task1", "N40-Task1\N40-Task1.csproj", "{0D409828-68DA-4E61-8D3F-3C72601D6403}"
EndProject
Project("{9A19103F-16F7-4668-BE54-9A1E7A4F7556}") = "N40-Task2", "N40-Task2\N40-Task2.csproj", "{B2B08A56-BE65-45D8-ADB2-EFEB9B5779B6}"
EndProject
Project("{2150E333-8FDC-42A3-9474-1A3956D46DE8}") = "HomeTask", "HomeTask", "{163F11C9-198A-4778-8367-506037299F7B}"
EndProject
Project("{FAE04EC0-301F-11D3-BF4B-00C04F79EFBC}") = "N39-HT-1", "N39-HT-1\N39-HT-1.csproj", "{68A6FC35-9BC2-48E1-AA30-90BBDBB984A7}"
EndProject
Global
	GlobalSection(SolutionConfigurationPlatforms) = preSolution
		Debug|Any CPU = Debug|Any CPU
		Release|Any CPU = Release|Any CPU
	EndGlobalSection
	GlobalSection(ProjectConfigurationPlatforms) = postSolution
		{C2025824-7705-4DD4-9EDB-F38A7CD8132E}.Debug|Any CPU.ActiveCfg = Debug|Any CPU
		{C2025824-7705-4DD4-9EDB-F38A7CD8132E}.Debug|Any CPU.Build.0 = Debug|Any CPU
		{C2025824-7705-4DD4-9EDB-F38A7CD8132E}.Release|Any CPU.ActiveCfg = Release|Any CPU
		{C2025824-7705-4DD4-9EDB-F38A7CD8132E}.Release|Any CPU.Build.0 = Release|Any CPU
		{11D1BDBB-28E2-4A46-8846-62824D6C6570}.Debug|Any CPU.ActiveCfg = Debug|Any CPU
		{11D1BDBB-28E2-4A46-8846-62824D6C6570}.Debug|Any CPU.Build.0 = Debug|Any CPU
		{11D1BDBB-28E2-4A46-8846-62824D6C6570}.Release|Any CPU.ActiveCfg = Release|Any CPU
		{11D1BDBB-28E2-4A46-8846-62824D6C6570}.Release|Any CPU.Build.0 = Release|Any CPU
		{07B91D4A-8C5A-4369-8F55-ACB069FA0A7A}.Debug|Any CPU.ActiveCfg = Debug|Any CPU
		{07B91D4A-8C5A-4369-8F55-ACB069FA0A7A}.Debug|Any CPU.Build.0 = Debug|Any CPU
		{07B91D4A-8C5A-4369-8F55-ACB069FA0A7A}.Release|Any CPU.ActiveCfg = Release|Any CPU
		{07B91D4A-8C5A-4369-8F55-ACB069FA0A7A}.Release|Any CPU.Build.0 = Release|Any CPU
		{52B6EDFD-A74F-4C6E-94EC-8C7519C43143}.Debug|Any CPU.ActiveCfg = Debug|Any CPU
		{52B6EDFD-A74F-4C6E-94EC-8C7519C43143}.Debug|Any CPU.Build.0 = Debug|Any CPU
		{52B6EDFD-A74F-4C6E-94EC-8C7519C43143}.Release|Any CPU.ActiveCfg = Release|Any CPU
		{52B6EDFD-A74F-4C6E-94EC-8C7519C43143}.Release|Any CPU.Build.0 = Release|Any CPU
		{8AF948F5-C785-4081-91D6-E4CCF38BF3A5}.Debug|Any CPU.ActiveCfg = Debug|Any CPU
		{8AF948F5-C785-4081-91D6-E4CCF38BF3A5}.Debug|Any CPU.Build.0 = Debug|Any CPU
		{8AF948F5-C785-4081-91D6-E4CCF38BF3A5}.Release|Any CPU.ActiveCfg = Release|Any CPU
		{8AF948F5-C785-4081-91D6-E4CCF38BF3A5}.Release|Any CPU.Build.0 = Release|Any CPU
		{5600FCBE-D097-4A18-BF17-F066C79ECCD4}.Debug|Any CPU.ActiveCfg = Debug|Any CPU
		{5600FCBE-D097-4A18-BF17-F066C79ECCD4}.Debug|Any CPU.Build.0 = Debug|Any CPU
		{5600FCBE-D097-4A18-BF17-F066C79ECCD4}.Release|Any CPU.ActiveCfg = Release|Any CPU
		{5600FCBE-D097-4A18-BF17-F066C79ECCD4}.Release|Any CPU.Build.0 = Release|Any CPU
		{D644A479-8787-4D3F-BD93-4515F09368FC}.Debug|Any CPU.ActiveCfg = Debug|Any CPU
		{D644A479-8787-4D3F-BD93-4515F09368FC}.Debug|Any CPU.Build.0 = Debug|Any CPU
		{D644A479-8787-4D3F-BD93-4515F09368FC}.Release|Any CPU.ActiveCfg = Release|Any CPU
		{D644A479-8787-4D3F-BD93-4515F09368FC}.Release|Any CPU.Build.0 = Release|Any CPU
		{0D409828-68DA-4E61-8D3F-3C72601D6403}.Debug|Any CPU.ActiveCfg = Debug|Any CPU
		{0D409828-68DA-4E61-8D3F-3C72601D6403}.Debug|Any CPU.Build.0 = Debug|Any CPU
		{0D409828-68DA-4E61-8D3F-3C72601D6403}.Release|Any CPU.ActiveCfg = Release|Any CPU
		{0D409828-68DA-4E61-8D3F-3C72601D6403}.Release|Any CPU.Build.0 = Release|Any CPU
		{B2B08A56-BE65-45D8-ADB2-EFEB9B5779B6}.Debug|Any CPU.ActiveCfg = Debug|Any CPU
		{B2B08A56-BE65-45D8-ADB2-EFEB9B5779B6}.Debug|Any CPU.Build.0 = Debug|Any CPU
		{B2B08A56-BE65-45D8-ADB2-EFEB9B5779B6}.Release|Any CPU.ActiveCfg = Release|Any CPU
		{B2B08A56-BE65-45D8-ADB2-EFEB9B5779B6}.Release|Any CPU.Build.0 = Release|Any CPU
		{68A6FC35-9BC2-48E1-AA30-90BBDBB984A7}.Debug|Any CPU.ActiveCfg = Debug|Any CPU
		{68A6FC35-9BC2-48E1-AA30-90BBDBB984A7}.Debug|Any CPU.Build.0 = Debug|Any CPU
		{68A6FC35-9BC2-48E1-AA30-90BBDBB984A7}.Release|Any CPU.ActiveCfg = Release|Any CPU
		{68A6FC35-9BC2-48E1-AA30-90BBDBB984A7}.Release|Any CPU.Build.0 = Release|Any CPU
	EndGlobalSection
	GlobalSection(SolutionProperties) = preSolution
		HideSolutionNode = FALSE
	EndGlobalSection
	GlobalSection(NestedProjects) = preSolution
		{79B70270-7BC8-4571-81F9-6592F5E3E46F} = {4CFFD4FC-82D4-4ABB-B98A-3094511159B5}
		{C2025824-7705-4DD4-9EDB-F38A7CD8132E} = {79B70270-7BC8-4571-81F9-6592F5E3E46F}
		{AC6DB651-EA66-497A-A2CB-4A3EAC4FE2A4} = {C18C10F3-1096-4160-8B54-BF85E5BC4E03}
		{11D1BDBB-28E2-4A46-8846-62824D6C6570} = {AC6DB651-EA66-497A-A2CB-4A3EAC4FE2A4}
		{5AEC70C4-AB26-4D64-8AC8-BA696C025F46} = {4CFFD4FC-82D4-4ABB-B98A-3094511159B5}
		{07B91D4A-8C5A-4369-8F55-ACB069FA0A7A} = {5AEC70C4-AB26-4D64-8AC8-BA696C025F46}
		{439B1D06-B33A-4757-9702-FF30F3FE0D98} = {E7718998-3481-4F55-BEAC-E9EBB65A7A08}
		{52B6EDFD-A74F-4C6E-94EC-8C7519C43143} = {439B1D06-B33A-4757-9702-FF30F3FE0D98}
		{A4B2315D-30D9-45F0-9130-9E1F00B46B50} = {C18C10F3-1096-4160-8B54-BF85E5BC4E03}
		{8AF948F5-C785-4081-91D6-E4CCF38BF3A5} = {A4B2315D-30D9-45F0-9130-9E1F00B46B50}
		{98A95145-12DC-424D-B411-336A5BB90E19} = {E7718998-3481-4F55-BEAC-E9EBB65A7A08}
		{5600FCBE-D097-4A18-BF17-F066C79ECCD4} = {98A95145-12DC-424D-B411-336A5BB90E19}
		{1DD7381C-8C62-472D-9355-8F8718C11E6D} = {B3439867-1C41-43EE-BF0B-FE12919F79C2}
		{D644A479-8787-4D3F-BD93-4515F09368FC} = {1DD7381C-8C62-472D-9355-8F8718C11E6D}
		{8920089E-237D-41F9-A4E7-CAAA8CC14CA2} = {3AD0A3EB-6283-498E-A18D-823B541A18CB}
		{0D409828-68DA-4E61-8D3F-3C72601D6403} = {8920089E-237D-41F9-A4E7-CAAA8CC14CA2}
		{B2B08A56-BE65-45D8-ADB2-EFEB9B5779B6} = {8920089E-237D-41F9-A4E7-CAAA8CC14CA2}
		{163F11C9-198A-4778-8367-506037299F7B} = {B3439867-1C41-43EE-BF0B-FE12919F79C2}
		{68A6FC35-9BC2-48E1-AA30-90BBDBB984A7} = {163F11C9-198A-4778-8367-506037299F7B}
	EndGlobalSection
	GlobalSection(ExtensibilityGlobals) = postSolution
		SolutionGuid = {962E8450-099F-4A84-92CE-177EAE6E84C2}
	EndGlobalSection
EndGlobal
